
Microsoft Visual Studio Solution File, Format Version 12.00
# Visual Studio Version 17
VisualStudioVersion = 17.11.35431.28
MinimumVisualStudioVersion = 10.0.40219.1
Project("{FAE04EC0-301F-11D3-BF4B-00C04F79EFBC}") = "ITSS01", "ITSS01.csproj", "{6F360323-ACB3-4239-B825-25B0617661E4}"
EndProject
Global
	GlobalSection(SolutionConfigurationPlatforms) = preSolution
		Debug|Any CPU = Debug|Any CPU
		Release|Any CPU = Release|Any CPU
	EndGlobalSection
	GlobalSection(ProjectConfigurationPlatforms) = postSolution
		{6F360323-ACB3-4239-B825-25B0617661E4}.Debug|Any CPU.ActiveCfg = Debug|Any CPU
		{6F360323-ACB3-4239-B825-25B0617661E4}.Debug|Any CPU.Build.0 = Debug|Any CPU
		{6F360323-ACB3-4239-B825-25B0617661E4}.Release|Any CPU.ActiveCfg = Release|Any CPU
		{6F360323-ACB3-4239-B825-25B0617661E4}.Release|Any CPU.Build.0 = Release|Any CPU
	EndGlobalSection
	GlobalSection(SolutionProperties) = preSolution
		HideSolutionNode = FALSE
	EndGlobalSection
	GlobalSection(ExtensibilityGlobals) = postSolution
		SolutionGuid = {01B2C306-1597-44C9-9C54-EAD3C5B9A795}
	EndGlobalSection
EndGlobal
